
Microsoft Visual Studio Solution File, Format Version 12.00
# Visual Studio Version 16
VisualStudioVersion = 16.0.30225.117
MinimumVisualStudioVersion = 10.0.40219.1
Project("{FAE04EC0-301F-11D3-BF4B-00C04F79EFBC}") = "GUI_NHASACH", "QUANLYNHASACH_DOAN\GUI_NHASACH.csproj", "{C3A0EFE8-4478-4A0B-9FB6-BA6542D70030}"
EndProject
Project("{FAE04EC0-301F-11D3-BF4B-00C04F79EFBC}") = "DTO_NHASACH", "DTO_NHASACH\DTO_NHASACH.csproj", "{05605DD4-90BD-49FE-89C3-C05C0B92B92A}"
EndProject
Project("{FAE04EC0-301F-11D3-BF4B-00C04F79EFBC}") = "DAL_NHASACH", "DAL_NHASACH\DAL_NHASACH.csproj", "{C7B327E5-1119-4EB3-BE52-C0918A78FE09}"
EndProject
Project("{FAE04EC0-301F-11D3-BF4B-00C04F79EFBC}") = "BUS_NHASACH", "BUS_NHASACH\BUS_NHASACH.csproj", "{9BF07746-0CCF-4022-A14A-0EE193C03E92}"
EndProject
Global
	GlobalSection(SolutionConfigurationPlatforms) = preSolution
		Debug|Any CPU = Debug|Any CPU
		Release|Any CPU = Release|Any CPU
	EndGlobalSection
	GlobalSection(ProjectConfigurationPlatforms) = postSolution
		{C3A0EFE8-4478-4A0B-9FB6-BA6542D70030}.Debug|Any CPU.ActiveCfg = Debug|Any CPU
		{C3A0EFE8-4478-4A0B-9FB6-BA6542D70030}.Debug|Any CPU.Build.0 = Debug|Any CPU
		{C3A0EFE8-4478-4A0B-9FB6-BA6542D70030}.Release|Any CPU.ActiveCfg = Release|Any CPU
		{C3A0EFE8-4478-4A0B-9FB6-BA6542D70030}.Release|Any CPU.Build.0 = Release|Any CPU
		{05605DD4-90BD-49FE-89C3-C05C0B92B92A}.Debug|Any CPU.ActiveCfg = Debug|Any CPU
		{05605DD4-90BD-49FE-89C3-C05C0B92B92A}.Debug|Any CPU.Build.0 = Debug|Any CPU
		{05605DD4-90BD-49FE-89C3-C05C0B92B92A}.Release|Any CPU.ActiveCfg = Release|Any CPU
		{05605DD4-90BD-49FE-89C3-C05C0B92B92A}.Release|Any CPU.Build.0 = Release|Any CPU
		{C7B327E5-1119-4EB3-BE52-C0918A78FE09}.Debug|Any CPU.ActiveCfg = Debug|Any CPU
		{C7B327E5-1119-4EB3-BE52-C0918A78FE09}.Debug|Any CPU.Build.0 = Debug|Any CPU
		{C7B327E5-1119-4EB3-BE52-C0918A78FE09}.Release|Any CPU.ActiveCfg = Release|Any CPU
		{C7B327E5-1119-4EB3-BE52-C0918A78FE09}.Release|Any CPU.Build.0 = Release|Any CPU
		{9BF07746-0CCF-4022-A14A-0EE193C03E92}.Debug|Any CPU.ActiveCfg = Debug|Any CPU
		{9BF07746-0CCF-4022-A14A-0EE193C03E92}.Debug|Any CPU.Build.0 = Debug|Any CPU
		{9BF07746-0CCF-4022-A14A-0EE193C03E92}.Release|Any CPU.ActiveCfg = Release|Any CPU
		{9BF07746-0CCF-4022-A14A-0EE193C03E92}.Release|Any CPU.Build.0 = Release|Any CPU
	EndGlobalSection
	GlobalSection(SolutionProperties) = preSolution
		HideSolutionNode = FALSE
	EndGlobalSection
	GlobalSection(ExtensibilityGlobals) = postSolution
		SolutionGuid = {CB22F5C0-0110-428F-82A5-2866166C306E}
	EndGlobalSection
EndGlobal
